{
  "nodes": {
    "home-manager": {
      "inputs": {
        "nixpkgs": [
          "nixpkgs"
        ]
      },
      "locked": {
        "lastModified": 1765337252,
        "narHash": "sha256-HuWQp8fM25fyWflbuunQkQI62Hg0ecJxWD52FAgmxqY=",
        "owner": "nix-community",
        "repo": "home-manager",
        "rev": "13cc1efd78b943b98c08d74c9060a5b59bf86921",
        "type": "github"
      },
      "original": {
        "owner": "nix-community",
        "repo": "home-manager",
        "type": "github"
      }
    },
    "nix-flatpak": {
      "locked": {
        "lastModified": 1739444422,
        "narHash": "sha256-iAVVHi7X3kWORftY+LVbRiStRnQEob2TULWyjMS6dWg=",
        "owner": "gmodena",
        "repo": "nix-flatpak",
        "rev": "5e54c3ca05a7c7d968ae1ddeabe01d2a9bc1e177",
        "type": "github"
      },
      "original": {
        "owner": "gmodena",
        "ref": "v0.6.0",
        "repo": "nix-flatpak",
        "type": "github"
      }
    },
    "nix-system-graphics": {
      "inputs": {
        "nixpkgs": [
          "nixpkgs"
        ]
      },
      "locked": {
        "lastModified": 1763296639,
        "narHash": "sha256-K9JBscC7ApwCnl0wR0sVkxrKFsoDYVqXN5fOujvyBWA=",
        "owner": "soupglasses",
        "repo": "nix-system-graphics",
        "rev": "ac37f0f3ec0cb15d63a520918433c794d01d9dac",
        "type": "github"
      },
      "original": {
        "owner": "soupglasses",
        "repo": "nix-system-graphics",
        "type": "github"
      }
    },
    "nix-vscode-extensions": {
      "inputs": {
        "nixpkgs": [
          "nixpkgs"
        ]
      },
      "locked": {
        "lastModified": 1765332180,
        "narHash": "sha256-LbQbZIpunTm8XUD/ROSPId8Qvm+t05uYwRNhp8gZg1I=",
        "owner": "nix-community",
        "repo": "nix-vscode-extensions",
        "rev": "1e8d405f9f005be96d5a5f44d4096c17915a399d",
        "type": "github"
      },
      "original": {
        "owner": "nix-community",
        "repo": "nix-vscode-extensions",
        "type": "github"
      }
    },
    "nixpkgs": {
      "locked": {
        "lastModified": 1765270179,
        "narHash": "sha256-g2a4MhRKu4ymR4xwo+I+auTknXt/+j37Lnf0Mvfl1rE=",
        "owner": "NixOS",
        "repo": "nixpkgs",
        "rev": "677fbe97984e7af3175b6c121f3c39ee5c8d62c9",
        "type": "github"
      },
      "original": {
        "owner": "NixOS",
        "ref": "nixpkgs-unstable",
        "repo": "nixpkgs",
        "type": "github"
      }
    },
    "nixpkgs-2511": {
      "locked": {
        "lastModified": 1765311797,
        "narHash": "sha256-mSD5Ob7a+T2RNjvPvOA1dkJHGVrNVl8ZOrAwBjKBDQo=",
        "owner": "NixOS",
        "repo": "nixpkgs",
        "rev": "09eb77e94fa25202af8f3e81ddc7353d9970ac1b",
        "type": "github"
      },
      "original": {
        "owner": "NixOS",
        "ref": "nixos-25.11",
        "repo": "nixpkgs",
        "type": "github"
      }
    },
    "root": {
      "inputs": {
        "home-manager": "home-manager",
        "nix-flatpak": "nix-flatpak",
        "nix-system-graphics": "nix-system-graphics",
        "nix-vscode-extensions": "nix-vscode-extensions",
        "nixpkgs": "nixpkgs",
        "nixpkgs-2511": "nixpkgs-2511",
        "system-manager": "system-manager"
      }
    },
    "system-manager": {
      "inputs": {
        "nixpkgs": [
          "nixpkgs-2511"
        ]
      },
      "locked": {
        "lastModified": 1765373700,
        "narHash": "sha256-2s4XgW+rhCgDt7J/o6QGEvI/9N9Y5zHMk55EMJxBOVY=",
        "owner": "numtide",
        "repo": "system-manager",
        "rev": "a62f4119c2d7c9580fbd4edcb13f248d7429dc81",
        "type": "github"
      },
      "original": {
        "owner": "numtide",
        "repo": "system-manager",
        "type": "github"
      }
    }
  },
  "root": "root",
  "version": 7
}
